PODS:
  - Alamofire (5.0.5)
  - JGProgressHUD (2.2)
  - LBTATools (1.0.12)
  - SDWebImage (5.11.1):
    - SDWebImage/Core (= 5.11.1)
  - SDWebImage/Core (5.11.1)

DEPENDENCIES:
  - Alamofire
  - JGProgressHUD
  - LBTATools
  - SDWebImage

SPEC REPOS:
  trunk:
    - Alamofire
    - JGProgressHUD
    - LBTATools
    - SDWebImage

SPEC CHECKSUMS:
  Alamofire: df2f8f826963b08b9a870791ad48e07a10090b2e
  JGProgressHUD: d83d7a981b85d11205e19ff8ad5bb9c40571c847
  LBTATools: 389a901a01b9a56bea5682c40cd6e23530f40015
  SDWebImage: a7f831e1a65eb5e285e3fb046a23fcfbf08e696d

PODFILE CHECKSUM: 9ebf8b51914f0bbdbaf80e81227065849ac0b2ea

COCOAPODS: 1.9.1
